lockfileVersion: '6.1'

settings:
  autoInstallPeers: true
  excludeLinksFromLockfile: false

dependencies:
  animate.css:
    specifier: ^4.1.1
    version: 4.1.1
  bootstrap:
    specifier: ^5.3.0
    version: 5.3.0(@popperjs/core@2.11.8)
  jquery:
    specifier: ^3.7.0
    version: 3.7.0
  lodash:
    specifier: ^4.17.21
    version: 4.17.21
  waypoint:
    specifier: ^0.2.8
    version: 0.2.8

packages:

  /@popperjs/core@2.11.8:
    resolution: {integrity: sha512-P1st0aksCrn9sGZhp8GMYwBnQsbvAWsZAX44oXNNvLHGqAOcoVxmjZiohstwQ7SqKnbR47akdNi+uleWD8+g6A==}
    dev: false

  /animate.css@4.1.1:
    resolution: {integrity: sha512-+mRmCTv6SbCmtYJCN4faJMNFVNN5EuCTTprDTAo7YzIGji2KADmakjVA3+8mVDkZ2Bf09vayB35lSQIex2+QaQ==}
    dev: false

  /bootstrap@5.3.0(@popperjs/core@2.11.8):
    resolution: {integrity: sha512-UnBV3E3v4STVNQdms6jSGO2CvOkjUMdDAVR2V5N4uCMdaIkaQjbcEAMqRimDHIs4uqBYzDAKCQwCB+97tJgHQw==}
    peerDependencies:
      '@popperjs/core': ^2.11.7
    dependencies:
      '@popperjs/core': 2.11.8
    dev: false

  /jquery@3.7.0:
    resolution: {integrity: sha512-umpJ0/k8X0MvD1ds0P9SfowREz2LenHsQaxSohMZ5OMNEU2r0tf8pdeEFTHMFxWVxKNyU9rTtK3CWzUCTKJUeQ==}
    dev: false

  /lodash@4.17.21:
    resolution: {integrity: sha512-v2kDEe57lecTulaDIuNTPy3Ry4gLGJ6Z1O3vE1krgXZNrsQ+LFTGHVxVjcXPs17LhbZVGedAJv8XZ1tvj5FvSg==}
    dev: false

  /waypoint@0.2.8:
    resolution: {integrity: sha512-zHKDnsQyd4X1FxJKb2WWLmb/tE1i4DLCbzQsa8jykyrPgvuQ8cjmXX/jboXcKr57VyIAU2pAI5aqAXjepE99gQ==}
    engines: {node: ~0.6.3}
    dev: false
